
Microsoft Visual Studio Solution File, Format Version 12.00
# Visual Studio 14
VisualStudioVersion = 14.0.25420.1
MinimumVisualStudioVersion = 10.0.40219.1
Project("{FAE04EC0-301F-11D3-BF4B-00C04F79EFBC}") = "IntegracaoDominioSistemas", "IntegracaoDominioSistemas\IntegracaoDominioSistemas.csproj", "{AE39E139-E25F-42DF-B0D6-0D9DB87C4FCA}"
EndProject
Project("{FAE04EC0-301F-11D3-BF4B-00C04F79EFBC}") = "IntegracaoDominioSistemas.Tests", "IntegracaoDominioSistemas.Tests\IntegracaoDominioSistemas.Tests.csproj", "{0A487910-F57A-43AA-B54B-E150015C5C32}"
EndProject
Global
	GlobalSection(SolutionConfigurationPlatforms) = preSolution
		Debug|Any CPU = Debug|Any CPU
		Release|Any CPU = Release|Any CPU
	EndGlobalSection
	GlobalSection(ProjectConfigurationPlatforms) = postSolution
		{AE39E139-E25F-42DF-B0D6-0D9DB87C4FCA}.Debug|Any CPU.ActiveCfg = Debug|Any CPU
		{AE39E139-E25F-42DF-B0D6-0D9DB87C4FCA}.Debug|Any CPU.Build.0 = Debug|Any CPU
		{AE39E139-E25F-42DF-B0D6-0D9DB87C4FCA}.Release|Any CPU.ActiveCfg = Release|Any CPU
		{AE39E139-E25F-42DF-B0D6-0D9DB87C4FCA}.Release|Any CPU.Build.0 = Release|Any CPU
		{0A487910-F57A-43AA-B54B-E150015C5C32}.Debug|Any CPU.ActiveCfg = Debug|Any CPU
		{0A487910-F57A-43AA-B54B-E150015C5C32}.Debug|Any CPU.Build.0 = Debug|Any CPU
		{0A487910-F57A-43AA-B54B-E150015C5C32}.Release|Any CPU.ActiveCfg = Release|Any CPU
		{0A487910-F57A-43AA-B54B-E150015C5C32}.Release|Any CPU.Build.0 = Release|Any CPU
	EndGlobalSection
	GlobalSection(SolutionProperties) = preSolution
		HideSolutionNode = FALSE
	EndGlobalSection
EndGlobal
